
Microsoft Visual Studio Solution File, Format Version 12.00
# Visual Studio Version 17
VisualStudioVersion = 17.3.32901.215
MinimumVisualStudioVersion = 10.0.40219.1
Project("{FAE04EC0-301F-11D3-BF4B-00C04F79EFBC}") = "FPTS CRUD", "FPTS CRUD\FPTS CRUD.csproj", "{7A0922B4-8DD2-4943-A1CF-2D84C8EB1AB3}"
EndProject
Global
	GlobalSection(SolutionConfigurationPlatforms) = preSolution
		Debug|Any CPU = Debug|Any CPU
		Release|Any CPU = Release|Any CPU
	EndGlobalSection
	GlobalSection(ProjectConfigurationPlatforms) = postSolution
		{7A0922B4-8DD2-4943-A1CF-2D84C8EB1AB3}.Debug|Any CPU.ActiveCfg = Debug|Any CPU
		{7A0922B4-8DD2-4943-A1CF-2D84C8EB1AB3}.Debug|Any CPU.Build.0 = Debug|Any CPU
		{7A0922B4-8DD2-4943-A1CF-2D84C8EB1AB3}.Release|Any CPU.ActiveCfg = Release|Any CPU
		{7A0922B4-8DD2-4943-A1CF-2D84C8EB1AB3}.Release|Any CPU.Build.0 = Release|Any CPU
	EndGlobalSection
	GlobalSection(SolutionProperties) = preSolution
		HideSolutionNode = FALSE
	EndGlobalSection
	GlobalSection(ExtensibilityGlobals) = postSolution
		SolutionGuid = {C034A1AC-7258-48E7-95B3-3E4AE0EE121E}
	EndGlobalSection
EndGlobal
